
Microsoft Visual Studio Solution File, Format Version 12.00
# Visual Studio 15
VisualStudioVersion = 15.0.28307.438
MinimumVisualStudioVersion = 10.0.40219.1
Project("{FAE04EC0-301F-11D3-BF4B-00C04F79EFBC}") = "DiccionarioTableGUM", "DiccionarioTableGUM\DiccionarioTableGUM.csproj", "{97728A44-0E9E-4F16-B1E6-0D29B7530BEC}"
EndProject
Global
	GlobalSection(SolutionConfigurationPlatforms) = preSolution
		Debug|Any CPU = Debug|Any CPU
		Release|Any CPU = Release|Any CPU
	EndGlobalSection
	GlobalSection(ProjectConfigurationPlatforms) = postSolution
		{97728A44-0E9E-4F16-B1E6-0D29B7530BEC}.Debug|Any CPU.ActiveCfg = Debug|Any CPU
		{97728A44-0E9E-4F16-B1E6-0D29B7530BEC}.Debug|Any CPU.Build.0 = Debug|Any CPU
		{97728A44-0E9E-4F16-B1E6-0D29B7530BEC}.Release|Any CPU.ActiveCfg = Release|Any CPU
		{97728A44-0E9E-4F16-B1E6-0D29B7530BEC}.Release|Any CPU.Build.0 = Release|Any CPU
	EndGlobalSection
	GlobalSection(SolutionProperties) = preSolution
		HideSolutionNode = FALSE
	EndGlobalSection
	GlobalSection(ExtensibilityGlobals) = postSolution
		SolutionGuid = {D37B4E59-93D9-411B-AA91-8EAF30228327}
	EndGlobalSection
EndGlobal
